// !$*UTF8*$!
{
	archiveVersion = 1;
	classes = {
	};
	objectVersion = 51;
	objects = {

/* Begin PBXBuildFile section */
		52418837264AC9800001ADFE /* AppDelegate.swift in Sources */ = {isa = PBXBuildFile; fileRef = 52418836264AC9800001ADFE /* AppDelegate.swift */; };
		52418839264AC9800001ADFE /* SceneDelegate.swift in Sources */ = {isa = PBXBuildFile; fileRef = 52418838264AC9800001ADFE /* SceneDelegate.swift */; };
		5241883E264AC9800001ADFE /* Main.storyboard in Resources */ = {isa = PBXBuildFile; fileRef = 5241883C264AC9800001ADFE /* Main.storyboard */; };
		52418840264AC9830001ADFE /* Assets.xcassets in Resources */ = {isa = PBXBuildFile; fileRef = 5241883F264AC9830001ADFE /* Assets.xcassets */; };
		52418843264AC9830001ADFE /* LaunchScreen.storyboard in Resources */ = {isa = PBXBuildFile; fileRef = 52418841264AC9830001ADFE /* LaunchScreen.storyboard */; };
		5241884B264BE0AE0001ADFE /* NewsListTableViewController.swift in Sources */ = {isa = PBXBuildFile; fileRef = 5241884A264BE0AE0001ADFE /* NewsListTableViewController.swift */; };
		5241884E264BFCC40001ADFE /* Article.swift in Sources */ = {isa = PBXBuildFile; fileRef = 5241884D264BFCC40001ADFE /* Article.swift */; };
		52418850264C0FC60001ADFE /* NewsTableViewCell.swift in Sources */ = {isa = PBXBuildFile; fileRef = 5241884F264C0FC60001ADFE /* NewsTableViewCell.swift */; };
		52418855264C1A4D0001ADFE /* URLRequest+Extensions.swift in Sources */ = {isa = PBXBuildFile; fileRef = 52418854264C1A4D0001ADFE /* URLRequest+Extensions.swift */; };
		DFD0A0E4F421056DA92F9A60 /* Pods_TopNewsApp.framework in Frameworks */ = {isa = PBXBuildFile; fileRef = 558F551DA81C9114329F2211 /* Pods_TopNewsApp.framework */; };
/* End PBXBuildFile section */

/* Begin PBXFileReference section */
		20018D68CB423319DDE71989 /* Pods-TopNewsApp.debug.xcconfig */ = {isa = PBXFileReference; includeInIndex = 1; lastKnownFileType = text.xcconfig; name = "Pods-TopNewsApp.debug.xcconfig"; path = "Target Support Files/Pods-TopNewsApp/Pods-TopNewsApp.debug.xcconfig"; sourceTree = "<group>"; };
		52418833264AC9800001ADFE /* TopNewsApp.app */ = {isa = PBXFileReference; explicitFileType = wrapper.application; includeInIndex = 0; path = TopNewsApp.app; sourceTree = BUILT_PRODUCTS_DIR; };
		52418836264AC9800001ADFE /* AppDelegate.swift */ = {isa = PBXFileReference; lastKnownFileType = sourcecode.swift; path = AppDelegate.swift; sourceTree = "<group>"; };
		52418838264AC9800001ADFE /* SceneDelegate.swift */ = {isa = PBXFileReference; lastKnownFileType = sourcecode.swift; path = SceneDelegate.swift; sourceTree = "<group>"; };
		5241883D264AC9800001ADFE /* Base */ = {isa = PBXFileReference; lastKnownFileType = file.storyboard; name = Base; path = Base.lproj/Main.storyboard; sourceTree = "<group>"; };
		5241883F264AC9830001ADFE /* Assets.xcassets */ = {isa = PBXFileReference; lastKnownFileType = folder.assetcatalog; path = Assets.xcassets; sourceTree = "<group>"; };
		52418842264AC9830001ADFE /* Base */ = {isa = PBXFileReference; lastKnownFileType = file.storyboard; name = Base; path = Base.lproj/LaunchScreen.storyboard; sourceTree = "<group>"; };
		52418844264AC9830001ADFE /* Info.plist */ = {isa = PBXFileReference; lastKnownFileType = text.plist.xml; path = Info.plist; sourceTree = "<group>"; };
		5241884A264BE0AE0001ADFE /* NewsListTableViewController.swift */ = {isa = PBXFileReference; lastKnownFileType = sourcecode.swift; path = NewsListTableViewController.swift; sourceTree = "<group>"; };
		5241884D264BFCC40001ADFE /* Article.swift */ = {isa = PBXFileReference; lastKnownFileType = sourcecode.swift; path = Article.swift; sourceTree = "<group>"; };
		5241884F264C0FC60001ADFE /* NewsTableViewCell.swift */ = {isa = PBXFileReference; lastKnownFileType = sourcecode.swift; path = NewsTableViewCell.swift; sourceTree = "<group>"; };
		52418854264C1A4D0001ADFE /* URLRequest+Extensions.swift */ = {isa = PBXFileReference; lastKnownFileType = sourcecode.swift; path = "URLRequest+Extensions.swift"; sourceTree = "<group>"; };
		558F551DA81C9114329F2211 /* Pods_TopNewsApp.framework */ = {isa = PBXFileReference; explicitFileType = wrapper.framework; includeInIndex = 0; path = Pods_TopNewsApp.framework; sourceTree = BUILT_PRODUCTS_DIR; };
		E3C37133B8D178D43C084F02 /* Pods-TopNewsApp.release.xcconfig */ = {isa = PBXFileReference; includeInIndex = 1; lastKnownFileType = text.xcconfig; name = "Pods-TopNewsApp.release.xcconfig"; path = "Target Support Files/Pods-TopNewsApp/Pods-TopNewsApp.release.xcconfig"; sourceTree = "<group>"; };
/* End PBXFileReference section */

/* Begin PBXFrameworksBuildPhase section */
		52418830264AC9800001ADFE /* Frameworks */ = {
			isa = PBXFrameworksBuildPhase;
			buildActionMask = 2147483647;
			files = (
				DFD0A0E4F421056DA92F9A60 /* Pods_TopNewsApp.framework in Frameworks */,
			);
			runOnlyForDeploymentPostprocessing = 0;
		};
/* End PBXFrameworksBuildPhase section */

/* Begin PBXGroup section */
		4B2F1CD18D5D03D7C820B856 /* Frameworks */ = {
			isa = PBXGroup;
			children = (
				558F551DA81C9114329F2211 /* Pods_TopNewsApp.framework */,
			);
			name = Frameworks;
			sourceTree = "<group>";
		};
		5241882A264AC9800001ADFE = {
			isa = PBXGroup;
			children = (
				52418835264AC9800001ADFE /* TopNewsApp */,
				52418834264AC9800001ADFE /* Products */,
				C3051E2E64D2F610263953C2 /* Pods */,
				4B2F1CD18D5D03D7C820B856 /* Frameworks */,
			);
			sourceTree = "<group>";
		};
		52418834264AC9800001ADFE /* Products */ = {
			isa = PBXGroup;
			children = (
				52418833264AC9800001ADFE /* TopNewsApp.app */,
			);
			name = Products;
			sourceTree = "<group>";
		};
		52418835264AC9800001ADFE /* TopNewsApp */ = {
			isa = PBXGroup;
			children = (
				52418853264C1A2D0001ADFE /* Extension */,
				52418852264C19FD0001ADFE /* Controllers */,
				52418851264C19EF0001ADFE /* Cells */,
				5241884C264BFCA10001ADFE /* Models */,
				52418836264AC9800001ADFE /* AppDelegate.swift */,
				52418838264AC9800001ADFE /* SceneDelegate.swift */,
				5241883C264AC9800001ADFE /* Main.storyboard */,
				5241883F264AC9830001ADFE /* Assets.xcassets */,
				52418841264AC9830001ADFE /* LaunchScreen.storyboard */,
				52418844264AC9830001ADFE /* Info.plist */,
			);
			path = TopNewsApp;
			sourceTree = "<group>";
		};
		5241884C264BFCA10001ADFE /* Models */ = {
			isa = PBXGroup;
			children = (
				5241884D264BFCC40001ADFE /* Article.swift */,
			);
			path = Models;
			sourceTree = "<group>";
		};
		52418851264C19EF0001ADFE /* Cells */ = {
			isa = PBXGroup;
			children = (
				5241884F264C0FC60001ADFE /* NewsTableViewCell.swift */,
			);
			path = Cells;
			sourceTree = "<group>";
		};
		52418852264C19FD0001ADFE /* Controllers */ = {
			isa = PBXGroup;
			children = (
				5241884A264BE0AE0001ADFE /* NewsListTableViewController.swift */,
			);
			path = Controllers;
			sourceTree = "<group>";
		};
		52418853264C1A2D0001ADFE /* Extension */ = {
			isa = PBXGroup;
			children = (
				52418854264C1A4D0001ADFE /* URLRequest+Extensions.swift */,
			);
			path = Extension;
			sourceTree = "<group>";
		};
		C3051E2E64D2F610263953C2 /* Pods */ = {
			isa = PBXGroup;
			children = (
				20018D68CB423319DDE71989 /* Pods-TopNewsApp.debug.xcconfig */,
				E3C37133B8D178D43C084F02 /* Pods-TopNewsApp.release.xcconfig */,
			);
			path = Pods;
			sourceTree = "<group>";
		};
/* End PBXGroup section */

/* Begin PBXNativeTarget section */
		52418832264AC9800001ADFE /* TopNewsApp */ = {
			isa = PBXNativeTarget;
			buildConfigurationList = 52418847264AC9830001ADFE /* Build configuration list for PBXNativeTarget "TopNewsApp" */;
			buildPhases = (
				240E982E7FE6C69BD423377D /* [CP] Check Pods Manifest.lock */,
				5241882F264AC9800001ADFE /* Sources */,
				52418830264AC9800001ADFE /* Frameworks */,
				52418831264AC9800001ADFE /* Resources */,
				3EA4F2439E92F0F6AAF385DD /* [CP] Embed Pods Frameworks */,
			);
			buildRules = (
			);
			dependencies = (
			);
			name = TopNewsApp;
			productName = TopNewsApp;
			productReference = 52418833264AC9800001ADFE /* TopNewsApp.app */;
			productType = "com.apple.product-type.application";
		};
/* End PBXNativeTarget section */

/* Begin PBXProject section */
		5241882B264AC9800001ADFE /* Project object */ = {
			isa = PBXProject;
			attributes = {
				LastSwiftUpdateCheck = 1130;
				LastUpgradeCheck = 1130;
				ORGANIZATIONNAME = com.app.connectme;
				TargetAttributes = {
					52418832264AC9800001ADFE = {
						CreatedOnToolsVersion = 11.3.1;
					};
				};
			};
			buildConfigurationList = 5241882E264AC9800001ADFE /* Build configuration list for PBXProject "TopNewsApp" */;
			compatibilityVersion = "Xcode 9.3";
			developmentRegion = en;
			hasScannedForEncodings = 0;
			knownRegions = (
				en,
				Base,
			);
			mainGroup = 5241882A264AC9800001ADFE;
			productRefGroup = 52418834264AC9800001ADFE /* Products */;
			projectDirPath = "";
			projectRoot = "";
			targets = (
				52418832264AC9800001ADFE /* TopNewsApp */,
			);
		};
/* End PBXProject section */

/* Begin PBXResourcesBuildPhase section */
		52418831264AC9800001ADFE /* Resources */ = {
			isa = PBXResourcesBuildPhase;
			buildActionMask = 2147483647;
			files = (
				52418843264AC9830001ADFE /* LaunchScreen.storyboard in Resources */,
				52418840264AC9830001ADFE /* Assets.xcassets in Resources */,
				5241883E264AC9800001ADFE /* Main.storyboard in Resources */,
			);
			runOnlyForDeploymentPostprocessing = 0;
		};
/* End PBXResourcesBuildPhase section */

/* Begin PBXShellScriptBuildPhase section */
		240E982E7FE6C69BD423377D /* [CP] Check Pods Manifest.lock */ = {
			isa = PBXShellScriptBuildPhase;
			buildActionMask = 2147483647;
			files = (
			);
			inputFileListPaths = (
			);
			inputPaths = (
				"${PODS_PODFILE_DIR_PATH}/Podfile.lock",
				"${PODS_ROOT}/Manifest.lock",
			);
			name = "[CP] Check Pods Manifest.lock";
			outputFileListPaths = (
			);
			outputPaths = (
				"$(DERIVED_FILE_DIR)/Pods-TopNewsApp-checkManifestLockResult.txt",
			);
			runOnlyForDeploymentPostprocessing = 0;
			shellPath = /bin/sh;
			shellScript = "diff \"${PODS_PODFILE_DIR_PATH}/Podfile.lock\" \"${PODS_ROOT}/Manifest.lock\" > /dev/null\nif [ $? != 0 ] ; then\n    # print error to STDERR\n    echo \"error: The sandbox is not in sync with the Podfile.lock. Run 'pod install' or update your CocoaPods installation.\" >&2\n    exit 1\nfi\n# This output is used by Xcode 'outputs' to avoid re-running this script phase.\necho \"SUCCESS\" > \"${SCRIPT_OUTPUT_FILE_0}\"\n";
			showEnvVarsInLog = 0;
		};
		3EA4F2439E92F0F6AAF385DD /* [CP] Embed Pods Frameworks */ = {
			isa = PBXShellScriptBuildPhase;
			buildActionMask = 2147483647;
			files = (
			);
			inputFileListPaths = (
				"${PODS_ROOT}/Target Support Files/Pods-TopNewsApp/Pods-TopNewsApp-frameworks-${CONFIGURATION}-input-files.xcfilelist",
			);
			name = "[CP] Embed Pods Frameworks";
			outputFileListPaths = (
				"${PODS_ROOT}/Target Support Files/Pods-TopNewsApp/Pods-TopNewsApp-frameworks-${CONFIGURATION}-output-files.xcfilelist",
			);
			runOnlyForDeploymentPostprocessing = 0;
			shellPath = /bin/sh;
			shellScript = "\"${PODS_ROOT}/Target Support Files/Pods-TopNewsApp/Pods-TopNewsApp-frameworks.sh\"\n";
			showEnvVarsInLog = 0;
		};
/* End PBXShellScriptBuildPhase section */

/* Begin PBXSourcesBuildPhase section */
		5241882F264AC9800001ADFE /* Sources */ = {
			isa = PBXSourcesBuildPhase;
			buildActionMask = 2147483647;
			files = (
				5241884E264BFCC40001ADFE /* Article.swift in Sources */,
				52418837264AC9800001ADFE /* AppDelegate.swift in Sources */,
				52418850264C0FC60001ADFE /* NewsTableViewCell.swift in Sources */,
				52418855264C1A4D0001ADFE /* URLRequest+Extensions.swift in Sources */,
				5241884B264BE0AE0001ADFE /* NewsListTableViewController.swift in Sources */,
				52418839264AC9800001ADFE /* SceneDelegate.swift in Sources */,
			);
			runOnlyForDeploymentPostprocessing = 0;
		};
/* End PBXSourcesBuildPhase section */

/* Begin PBXVariantGroup section */
		5241883C264AC9800001ADFE /* Main.storyboard */ = {
			isa = PBXVariantGroup;
			children = (
				5241883D264AC9800001ADFE /* Base */,
			);
			name = Main.storyboard;
			sourceTree = "<group>";
		};
		52418841264AC9830001ADFE /* LaunchScreen.storyboard */ = {
			isa = PBXVariantGroup;
			children = (
				52418842264AC9830001ADFE /* Base */,
			);
			name = LaunchScreen.storyboard;
			sourceTree = "<group>";
		};
/* End PBXVariantGroup section */

/* Begin XCBuildConfiguration section */
		52418845264AC9830001ADFE /* Debug */ = {
			isa = XCBuildConfiguration;
			buildSettings = {
				ALWAYS_SEARCH_USER_PATHS = NO;
				CLANG_ANALYZER_NONNULL = YES;
				CLANG_ANALYZER_NUMBER_OBJECT_CONVERSION = YES_AGGRESSIVE;
				CLANG_CXX_LANGUAGE_STANDARD = "gnu++14";
				CLANG_CXX_LIBRARY = "libc++";
				CLANG_ENABLE_MODULES = YES;
				CLANG_ENABLE_OBJC_ARC = YES;
				CLANG_ENABLE_OBJC_WEAK = YES;
				CLANG_WARN_BLOCK_CAPTURE_AUTORELEASING = YES;
				CLANG_WARN_BOOL_CONVERSION = YES;
				CLANG_WARN_COMMA = YES;
				CLANG_WARN_CONSTANT_CONVERSION = YES;
				CLANG_WARN_DEPRECATED_OBJC_IMPLEMENTATIONS = YES;
				CLANG_WARN_DIRECT_OBJC_ISA_USAGE = YES_ERROR;
				CLANG_WARN_DOCUMENTATION_COMMENTS = YES;
				CLANG_WARN_EMPTY_BODY = YES;
				CLANG_WARN_ENUM_CONVERSION = YES;
				CLANG_WARN_INFINITE_RECURSION = YES;
				CLANG_WARN_INT_CONVERSION = YES;
				CLANG_WARN_NON_LITERAL_NULL_CONVERSION = YES;
				CLANG_WARN_OBJC_IMPLICIT_RETAIN_SELF = YES;
				CLANG_WARN_OBJC_LITERAL_CONVERSION = YES;
				CLANG_WARN_OBJC_ROOT_CLASS = YES_ERROR;
				CLANG_WARN_RANGE_LOOP_ANALYSIS = YES;
				CLANG_WARN_STRICT_PROTOTYPES = YES;
				CLANG_WARN_SUSPICIOUS_MOVE = YES;
				CLANG_WARN_UNGUARDED_AVAILABILITY = YES_AGGRESSIVE;
				CLANG_WARN_UNREACHABLE_CODE = YES;
				CLANG_WARN__DUPLICATE_METHOD_MATCH = YES;
				COPY_PHASE_STRIP = NO;
				DEBUG_INFORMATION_FORMAT = dwarf;
				ENABLE_STRICT_OBJC_MSGSEND = YES;
				ENABLE_TESTABILITY = YES;
				GCC_C_LANGUAGE_STANDARD = gnu11;
				GCC_DYNAMIC_NO_PIC = NO;
				GCC_NO_COMMON_BLOCKS = YES;
				GCC_OPTIMIZATION_LEVEL = 0;
				GCC_PREPROCESSOR_DEFINITIONS = (
					"DEBUG=1",
					"$(inherited)",
				);
				GCC_WARN_64_TO_32_BIT_CONVERSION = YES;
				GCC_WARN_ABOUT_RETURN_TYPE = YES_ERROR;
				GCC_WARN_UNDECLARED_SELECTOR = YES;
				GCC_WARN_UNINITIALIZED_AUTOS = YES_AGGRESSIVE;
				GCC_WARN_UNUSED_FUNCTION = YES;
				GCC_WARN_UNUSED_VARIABLE = YES;
				IPHONEOS_DEPLOYMENT_TARGET = 13.2;
				MTL_ENABLE_DEBUG_INFO = INCLUDE_SOURCE;
				MTL_FAST_MATH = YES;
				ONLY_ACTIVE_ARCH = YES;
				SDKROOT = iphoneos;
				SWIFT_ACTIVE_COMPILATION_CONDITIONS = DEBUG;
				SWIFT_OPTIMIZATION_LEVEL = "-Onone";
			};
			name = Debug;
		};
		52418846264AC9830001ADFE /* Release */ = {
			isa = XCBuildConfiguration;
			buildSettings = {
				ALWAYS_SEARCH_USER_PATHS = NO;
				CLANG_ANALYZER_NONNULL = YES;
				CLANG_ANALYZER_NUMBER_OBJECT_CONVERSION = YES_AGGRESSIVE;
				CLANG_CXX_LANGUAGE_STANDARD = "gnu++14";
				CLANG_CXX_LIBRARY = "libc++";
				CLANG_ENABLE_MODULES = YES;
				CLANG_ENABLE_OBJC_ARC = YES;
				CLANG_ENABLE_OBJC_WEAK = YES;
				CLANG_WARN_BLOCK_CAPTURE_AUTORELEASING = YES;
				CLANG_WARN_BOOL_CONVERSION = YES;
				CLANG_WARN_COMMA = YES;
				CLANG_WARN_CONSTANT_CONVERSION = YES;
				CLANG_WARN_DEPRECATED_OBJC_IMPLEMENTATIONS = YES;
				CLANG_WARN_DIRECT_OBJC_ISA_USAGE = YES_ERROR;
				CLANG_WARN_DOCUMENTATION_COMMENTS = YES;
				CLANG_WARN_EMPTY_BODY = YES;
				CLANG_WARN_ENUM_CONVERSION = YES;
				CLANG_WARN_INFINITE_RECURSION = YES;
				CLANG_WARN_INT_CONVERSION = YES;
				CLANG_WARN_NON_LITERAL_NULL_CONVERSION = YES;
				CLANG_WARN_OBJC_IMPLICIT_RETAIN_SELF = YES;
				CLANG_WARN_OBJC_LITERAL_CONVERSION = YES;
				CLANG_WARN_OBJC_ROOT_CLASS = YES_ERROR;
				CLANG_WARN_RANGE_LOOP_ANALYSIS = YES;
				CLANG_WARN_STRICT_PROTOTYPES = YES;
				CLANG_WARN_SUSPICIOUS_MOVE = YES;
				CLANG_WARN_UNGUARDED_AVAILABILITY = YES_AGGRESSIVE;
				CLANG_WARN_UNREACHABLE_CODE = YES;
				CLANG_WARN__DUPLICATE_METHOD_MATCH = YES;
				COPY_PHASE_STRIP = NO;
				DEBUG_INFORMATION_FORMAT = "dwarf-with-dsym";
				ENABLE_NS_ASSERTIONS = NO;
				ENABLE_STRICT_OBJC_MSGSEND = YES;
				GCC_C_LANGUAGE_STANDARD = gnu11;
				GCC_NO_COMMON_BLOCKS = YES;
				GCC_WARN_64_TO_32_BIT_CONVERSION = YES;
				GCC_WARN_ABOUT_RETURN_TYPE = YES_ERROR;
				GCC_WARN_UNDECLARED_SELECTOR = YES;
				GCC_WARN_UNINITIALIZED_AUTOS = YES_AGGRESSIVE;
				GCC_WARN_UNUSED_FUNCTION = YES;
				GCC_WARN_UNUSED_VARIABLE = YES;
				IPHONEOS_DEPLOYMENT_TARGET = 13.2;
				MTL_ENABLE_DEBUG_INFO = NO;
				MTL_FAST_MATH = YES;
				SDKROOT = iphoneos;
				SWIFT_COMPILATION_MODE = wholemodule;
				SWIFT_OPTIMIZATION_LEVEL = "-O";
				VALIDATE_PRODUCT = YES;
			};
			name = Release;
		};
		52418848264AC9830001ADFE /* Debug */ = {
			isa = XCBuildConfiguration;
			baseConfigurationReference = 20018D68CB423319DDE71989 /* Pods-TopNewsApp.debug.xcconfig */;
			buildSettings = {
				ASSETCATALOG_COMPILER_APPICON_NAME = AppIcon;
				CODE_SIGN_STYLE = Automatic;
				INFOPLIST_FILE = TopNewsApp/Info.plist;
				LD_RUNPATH_SEARCH_PATHS = (
					"$(inherited)",
					"@executable_path/Frameworks",
				);
				PRODUCT_BUNDLE_IDENTIFIER = connectme.TopNewsApp;
				PRODUCT_NAME = "$(TARGET_NAME)";
				SWIFT_VERSION = 5.0;
				TARGETED_DEVICE_FAMILY = "1,2";
			};
			name = Debug;
		};
		52418849264AC9830001ADFE /* Release */ = {
			isa = XCBuildConfiguration;
			baseConfigurationReference = E3C37133B8D178D43C084F02 /* Pods-TopNewsApp.release.xcconfig */;
			buildSettings = {
				ASSETCATALOG_COMPILER_APPICON_NAME = AppIcon;
				CODE_SIGN_STYLE = Automatic;
				INFOPLIST_FILE = TopNewsApp/Info.plist;
				LD_RUNPATH_SEARCH_PATHS = (
					"$(inherited)",
					"@executable_path/Frameworks",
				);
				PRODUCT_BUNDLE_IDENTIFIER = connectme.TopNewsApp;
				PRODUCT_NAME = "$(TARGET_NAME)";
				SWIFT_VERSION = 5.0;
				TARGETED_DEVICE_FAMILY = "1,2";
			};
			name = Release;
		};
/* End XCBuildConfiguration section */

/* Begin XCConfigurationList section */
		5241882E264AC9800001ADFE /* Build configuration list for PBXProject "TopNewsApp" */ = {
			isa = XCConfigurationList;
			buildConfigurations = (
				52418845264AC9830001ADFE /* Debug */,
				52418846264AC9830001ADFE /* Release */,
			);
			defaultConfigurationIsVisible = 0;
			defaultConfigurationName = Release;
		};
		52418847264AC9830001ADFE /* Build configuration list for PBXNativeTarget "TopNewsApp" */ = {
			isa = XCConfigurationList;
			buildConfigurations = (
				52418848264AC9830001ADFE /* Debug */,
				52418849264AC9830001ADFE /* Release */,
			);
			defaultConfigurationIsVisible = 0;
			defaultConfigurationName = Release;
		};
/* End XCConfigurationList section */
	};
	rootObject = 5241882B264AC9800001ADFE /* Project object */;
}
